// !$*UTF8*$!
{
	archiveVersion = 1;
	classes = {
	};
	objectVersion = 56;
	objects = {

/* Begin PBXBuildFile section */
		01A000000000000000000001 /* OneReadApp.swift in Sources */ = {isa = PBXBuildFile; fileRef = 01B000000000000000000001 /* OneReadApp.swift */; };
		01A000000000000000000005 /* SpeechService.swift in Sources */ = {isa = PBXBuildFile; fileRef = 01B000000000000000000005 /* SpeechService.swift */; };
		01A000000000000000000007 /* DesignSystem.swift in Sources */ = {isa = PBXBuildFile; fileRef = 01B000000000000000000007 /* DesignSystem.swift */; };
		01A000000000000000000008 /* RootView.swift in Sources */ = {isa = PBXBuildFile; fileRef = 01B000000000000000000008 /* RootView.swift */; };
		01A000000000000000000012 /* Article.swift in Sources */ = {isa = PBXBuildFile; fileRef = 01B000000000000000000012 /* Article.swift */; };
		01A000000000000000000013 /* SampleArticles.swift in Sources */ = {isa = PBXBuildFile; fileRef = 01B000000000000000000013 /* SampleArticles.swift */; };
		01A000000000000000000014 /* ArticleStore.swift in Sources */ = {isa = PBXBuildFile; fileRef = 01B000000000000000000014 /* ArticleStore.swift */; };
		01A000000000000000000015 /* ArticleViews.swift in Sources */ = {isa = PBXBuildFile; fileRef = 01B000000000000000000015 /* ArticleViews.swift */; };
		01A000000000000000000017 /* Assets.xcassets in Resources */ = {isa = PBXBuildFile; fileRef = 01B000000000000000000017 /* Assets.xcassets */; };
		01A000000000000000000018 /* ArticleDatabase.swift in Sources */ = {isa = PBXBuildFile; fileRef = 01B000000000000000000018 /* ArticleDatabase.swift */; };
		01A000000000000000000019 /* PrivacyInfo.xcprivacy in Resources */ = {isa = PBXBuildFile; fileRef = 01B000000000000000000019 /* PrivacyInfo.xcprivacy */; };
		01A000000000000000000020 /* NativeDictionaryService.swift in Sources */ = {isa = PBXBuildFile; fileRef = 01B000000000000000000020 /* NativeDictionaryService.swift */; };
		01A000000000000000000021 /* ecdict.sqlite in Resources */ = {isa = PBXBuildFile; fileRef = 01B000000000000000000021 /* ecdict.sqlite */; };
		01A000000000000000000022 /* ECDICT-LICENSE.txt in Resources */ = {isa = PBXBuildFile; fileRef = 01B000000000000000000022 /* ECDICT-LICENSE.txt */; };
		01A000000000000000000023 /* ArticleLevelService.swift in Sources */ = {isa = PBXBuildFile; fileRef = 01B000000000000000000023 /* ArticleLevelService.swift */; };
		01A000000000000000000024 /* domain_glossary.json in Resources */ = {isa = PBXBuildFile; fileRef = 01B000000000000000000024 /* domain_glossary.json */; };
		01A000000000000000000025 /* DomainGlossary.swift in Sources */ = {isa = PBXBuildFile; fileRef = 01B000000000000000000025 /* DomainGlossary.swift */; };
		01A000000000000000000026 /* WordEnrichmentService.swift in Sources */ = {isa = PBXBuildFile; fileRef = 01B000000000000000000026 /* WordEnrichmentService.swift */; };
		01A000000000000000000030 /* FeedChannels.swift in Sources */ = {isa = PBXBuildFile; fileRef = 01B000000000000000000030 /* FeedChannels.swift */; };
		01A000000000000000000031 /* FeedSupport.swift in Sources */ = {isa = PBXBuildFile; fileRef = 01B000000000000000000031 /* FeedSupport.swift */; };
		01A000000000000000000032 /* ArticleRSSParser.swift in Sources */ = {isa = PBXBuildFile; fileRef = 01B000000000000000000032 /* ArticleRSSParser.swift */; };
		01A000000000000000000033 /* StringHTML.swift in Sources */ = {isa = PBXBuildFile; fileRef = 01B000000000000000000033 /* StringHTML.swift */; };
		01A000000000000000000034 /* ProfileViews.swift in Sources */ = {isa = PBXBuildFile; fileRef = 01B000000000000000000034 /* ProfileViews.swift */; };
		01A000000000000000000035 /* ArticleReadingViews.swift in Sources */ = {isa = PBXBuildFile; fileRef = 01B000000000000000000035 /* ArticleReadingViews.swift */; };
		01A000000000000000000036 /* ArticleComponents.swift in Sources */ = {isa = PBXBuildFile; fileRef = 01B000000000000000000036 /* ArticleComponents.swift */; };
		01A000000000000000000037 /* NotificationService.swift in Sources */ = {isa = PBXBuildFile; fileRef = 01B000000000000000000037 /* NotificationService.swift */; };
		01A000000000000000000038 /* ArticleCurationService.swift in Sources */ = {isa = PBXBuildFile; fileRef = 01B000000000000000000038 /* ArticleCurationService.swift */; };
		01A000000000000000000039 /* DailyContentService.swift in Sources */ = {isa = PBXBuildFile; fileRef = 01B000000000000000000039 /* DailyContentService.swift */; };
		1C9C02B92FE415AC00DA8FEE /* FeedConfiguration.swift in Sources */ = {isa = PBXBuildFile; fileRef = 1C9C02B82FE415AC00DA8FEE /* FeedConfiguration.swift */; };
		1C9C02BB2FE4161100DA8FEE /* StoreServices.swift in Sources */ = {isa = PBXBuildFile; fileRef = 1C9C02BA2FE4161100DA8FEE /* StoreServices.swift */; };
		01A000000000000000000040 /* FeedService.swift in Sources */ = {isa = PBXBuildFile; fileRef = 01B000000000000000000040 /* FeedService.swift */; };
/* End PBXBuildFile section */

/* Begin PBXFileReference section */
		01B000000000000000000000 /* OneRead.app */ = {isa = PBXFileReference; explicitFileType = wrapper.application; includeInIndex = 0; path = OneRead.app; sourceTree = BUILT_PRODUCTS_DIR; };
		01B000000000000000000001 /* OneReadApp.swift */ = {isa = PBXFileReference; lastKnownFileType = sourcecode.swift; path = OneReadApp.swift; sourceTree = "<group>"; };
		01B000000000000000000005 /* SpeechService.swift */ = {isa = PBXFileReference; lastKnownFileType = sourcecode.swift; path = SpeechService.swift; sourceTree = "<group>"; };
		01B000000000000000000007 /* DesignSystem.swift */ = {isa = PBXFileReference; lastKnownFileType = sourcecode.swift; path = DesignSystem.swift; sourceTree = "<group>"; };
		01B000000000000000000008 /* RootView.swift */ = {isa = PBXFileReference; lastKnownFileType = sourcecode.swift; path = RootView.swift; sourceTree = "<group>"; };
		01B000000000000000000012 /* Article.swift */ = {isa = PBXFileReference; lastKnownFileType = sourcecode.swift; path = Article.swift; sourceTree = "<group>"; };
		01B000000000000000000013 /* SampleArticles.swift */ = {isa = PBXFileReference; lastKnownFileType = sourcecode.swift; path = SampleArticles.swift; sourceTree = "<group>"; };
		01B000000000000000000014 /* ArticleStore.swift */ = {isa = PBXFileReference; lastKnownFileType = sourcecode.swift; path = ArticleStore.swift; sourceTree = "<group>"; };
		01B000000000000000000015 /* ArticleViews.swift */ = {isa = PBXFileReference; lastKnownFileType = sourcecode.swift; path = ArticleViews.swift; sourceTree = "<group>"; };
		01B000000000000000000017 /* Assets.xcassets */ = {isa = PBXFileReference; lastKnownFileType = folder.assetcatalog; path = Assets.xcassets; sourceTree = "<group>"; };
		01B000000000000000000018 /* ArticleDatabase.swift */ = {isa = PBXFileReference; lastKnownFileType = sourcecode.swift; path = ArticleDatabase.swift; sourceTree = "<group>"; };
		01B000000000000000000019 /* PrivacyInfo.xcprivacy */ = {isa = PBXFileReference; lastKnownFileType = text.plist.xml; path = PrivacyInfo.xcprivacy; sourceTree = "<group>"; };
		01B000000000000000000020 /* NativeDictionaryService.swift */ = {isa = PBXFileReference; lastKnownFileType = sourcecode.swift; path = NativeDictionaryService.swift; sourceTree = "<group>"; };
		01B000000000000000000021 /* ecdict.sqlite */ = {isa = PBXFileReference; lastKnownFileType = file; path = ecdict.sqlite; sourceTree = "<group>"; };
		01B000000000000000000022 /* ECDICT-LICENSE.txt */ = {isa = PBXFileReference; lastKnownFileType = text; path = "ECDICT-LICENSE.txt"; sourceTree = "<group>"; };
		01B000000000000000000023 /* ArticleLevelService.swift */ = {isa = PBXFileReference; lastKnownFileType = sourcecode.swift; path = ArticleLevelService.swift; sourceTree = "<group>"; };
		01B000000000000000000024 /* domain_glossary.json */ = {isa = PBXFileReference; lastKnownFileType = text.json; path = domain_glossary.json; sourceTree = "<group>"; };
		01B000000000000000000025 /* DomainGlossary.swift */ = {isa = PBXFileReference; lastKnownFileType = sourcecode.swift; path = DomainGlossary.swift; sourceTree = "<group>"; };
		01B000000000000000000026 /* WordEnrichmentService.swift */ = {isa = PBXFileReference; lastKnownFileType = sourcecode.swift; path = WordEnrichmentService.swift; sourceTree = "<group>"; };
		01B000000000000000000030 /* FeedChannels.swift */ = {isa = PBXFileReference; lastKnownFileType = sourcecode.swift; path = FeedChannels.swift; sourceTree = "<group>"; };
		01B000000000000000000031 /* FeedSupport.swift */ = {isa = PBXFileReference; lastKnownFileType = sourcecode.swift; path = FeedSupport.swift; sourceTree = "<group>"; };
		01B000000000000000000032 /* ArticleRSSParser.swift */ = {isa = PBXFileReference; lastKnownFileType = sourcecode.swift; path = ArticleRSSParser.swift; sourceTree = "<group>"; };
		01B000000000000000000033 /* StringHTML.swift */ = {isa = PBXFileReference; lastKnownFileType = sourcecode.swift; path = StringHTML.swift; sourceTree = "<group>"; };
		01B000000000000000000034 /* ProfileViews.swift */ = {isa = PBXFileReference; lastKnownFileType = sourcecode.swift; path = ProfileViews.swift; sourceTree = "<group>"; };
		01B000000000000000000035 /* ArticleReadingViews.swift */ = {isa = PBXFileReference; lastKnownFileType = sourcecode.swift; path = ArticleReadingViews.swift; sourceTree = "<group>"; };
		01B000000000000000000036 /* ArticleComponents.swift */ = {isa = PBXFileReference; lastKnownFileType = sourcecode.swift; path = ArticleComponents.swift; sourceTree = "<group>"; };
		01B000000000000000000037 /* NotificationService.swift */ = {isa = PBXFileReference; lastKnownFileType = sourcecode.swift; path = NotificationService.swift; sourceTree = "<group>"; };
		01B000000000000000000038 /* ArticleCurationService.swift */ = {isa = PBXFileReference; lastKnownFileType = sourcecode.swift; path = ArticleCurationService.swift; sourceTree = "<group>"; };
		01B000000000000000000039 /* DailyContentService.swift */ = {isa = PBXFileReference; lastKnownFileType = sourcecode.swift; path = DailyContentService.swift; sourceTree = "<group>"; };
		1C9C02B82FE415AC00DA8FEE /* FeedConfiguration.swift */ = {isa = PBXFileReference; lastKnownFileType = sourcecode.swift; path = FeedConfiguration.swift; sourceTree = "<group>"; };
		1C9C02BA2FE4161100DA8FEE /* StoreServices.swift */ = {isa = PBXFileReference; lastKnownFileType = sourcecode.swift; path = StoreServices.swift; sourceTree = "<group>"; };
		01B000000000000000000040 /* FeedService.swift */ = {isa = PBXFileReference; lastKnownFileType = sourcecode.swift; path = FeedService.swift; sourceTree = "<group>"; };
/* End PBXFileReference section */

/* Begin PBXGroup section */
		01C000000000000000000000 = {
			isa = PBXGroup;
			children = (
				01C000000000000000000001 /* OneRead */,
				01C000000000000000000002 /* Products */,
			);
			sourceTree = "<group>";
		};
		01C000000000000000000001 /* OneRead */ = {
			isa = PBXGroup;
			children = (
				01B000000000000000000001 /* OneReadApp.swift */,
				01C000000000000000000003 /* Models */,
				01C000000000000000000004 /* Data */,
				01C000000000000000000005 /* Services */,
				01C000000000000000000006 /* Components */,
				01C000000000000000000007 /* Views */,
				01C000000000000000000008 /* Resources */,
				01B000000000000000000017 /* Assets.xcassets */,
				01B000000000000000000019 /* PrivacyInfo.xcprivacy */,
			);
			path = OneRead;
			sourceTree = "<group>";
		};
		01C000000000000000000002 /* Products */ = {
			isa = PBXGroup;
			children = (
				01B000000000000000000000 /* OneRead.app */,
			);
			name = Products;
			sourceTree = "<group>";
		};
		01C000000000000000000003 /* Models */ = {
			isa = PBXGroup;
			children = (
				01B000000000000000000012 /* Article.swift */,
			);
			path = Models;
			sourceTree = "<group>";
		};
		01C000000000000000000004 /* Data */ = {
			isa = PBXGroup;
			children = (
				01B000000000000000000013 /* SampleArticles.swift */,
				01B000000000000000000014 /* ArticleStore.swift */,
				01B000000000000000000030 /* FeedChannels.swift */,
				01B000000000000000000031 /* FeedSupport.swift */,
				01B000000000000000000040 /* FeedService.swift */,
				01B000000000000000000032 /* ArticleRSSParser.swift */,
				01B000000000000000000033 /* StringHTML.swift */,
				01B000000000000000000018 /* ArticleDatabase.swift */,
				1C9C02B82FE415AC00DA8FEE /* FeedConfiguration.swift */,
				1C9C02BA2FE4161100DA8FEE /* StoreServices.swift */,
			);
			path = Data;
			sourceTree = "<group>";
		};
		01C000000000000000000005 /* Services */ = {
			isa = PBXGroup;
			children = (
				01B000000000000000000005 /* SpeechService.swift */,
				01B000000000000000000020 /* NativeDictionaryService.swift */,
				01B000000000000000000023 /* ArticleLevelService.swift */,
				01B000000000000000000037 /* NotificationService.swift */,
				01B000000000000000000038 /* ArticleCurationService.swift */,
				01B000000000000000000039 /* DailyContentService.swift */,
				01B000000000000000000025 /* DomainGlossary.swift */,
				01B000000000000000000026 /* WordEnrichmentService.swift */,
			);
			path = Services;
			sourceTree = "<group>";
		};
		01C000000000000000000006 /* Components */ = {
			isa = PBXGroup;
			children = (
				01B000000000000000000007 /* DesignSystem.swift */,
			);
			path = Components;
			sourceTree = "<group>";
		};
		01C000000000000000000007 /* Views */ = {
			isa = PBXGroup;
			children = (
				01B000000000000000000008 /* RootView.swift */,
				01B000000000000000000015 /* ArticleViews.swift */,
				01B000000000000000000034 /* ProfileViews.swift */,
				01B000000000000000000035 /* ArticleReadingViews.swift */,
				01B000000000000000000036 /* ArticleComponents.swift */,
			);
			path = Views;
			sourceTree = "<group>";
		};
		01C000000000000000000008 /* Resources */ = {
			isa = PBXGroup;
			children = (
				01B000000000000000000021 /* ecdict.sqlite */,
				01B000000000000000000022 /* ECDICT-LICENSE.txt */,
				01B000000000000000000024 /* domain_glossary.json */,
			);
			path = Resources;
			sourceTree = "<group>";
		};
/* End PBXGroup section */

/* Begin PBXNativeTarget section */
		01D000000000000000000000 /* OneRead */ = {
			isa = PBXNativeTarget;
			buildConfigurationList = 01F000000000000000000002 /* Build configuration list for PBXNativeTarget "OneRead" */;
			buildPhases = (
				01E000000000000000000001 /* Sources */,
				01E000000000000000000002 /* Resources */,
			);
			buildRules = (
			);
			dependencies = (
			);
			name = OneRead;
			productName = OneRead;
			productReference = 01B000000000000000000000 /* OneRead.app */;
			productType = "com.apple.product-type.application";
		};
/* End PBXNativeTarget section */

/* Begin PBXProject section */
		01D000000000000000000001 /* Project object */ = {
			isa = PBXProject;
			attributes = {
				BuildIndependentTargetsInParallel = 1;
				LastSwiftUpdateCheck = 2650;
				LastUpgradeCheck = 2650;
				TargetAttributes = {
					01D000000000000000000000 = {
						CreatedOnToolsVersion = 26.5;
					};
				};
			};
			buildConfigurationList = 01F000000000000000000000 /* Build configuration list for PBXProject "OneRead" */;
			compatibilityVersion = "Xcode 14.0";
			developmentRegion = en;
			hasScannedForEncodings = 0;
			knownRegions = (
				en,
				Base,
			);
			mainGroup = 01C000000000000000000000;
			productRefGroup = 01C000000000000000000002 /* Products */;
			projectDirPath = "";
			projectRoot = "";
			targets = (
				01D000000000000000000000 /* OneRead */,
			);
		};
/* End PBXProject section */

/* Begin PBXResourcesBuildPhase section */
		01E000000000000000000002 /* Resources */ = {
			isa = PBXResourcesBuildPhase;
			buildActionMask = 2147483647;
			files = (
				01A000000000000000000017 /* Assets.xcassets in Resources */,
				01A000000000000000000019 /* PrivacyInfo.xcprivacy in Resources */,
				01A000000000000000000021 /* ecdict.sqlite in Resources */,
				01A000000000000000000022 /* ECDICT-LICENSE.txt in Resources */,
				01A000000000000000000024 /* domain_glossary.json in Resources */,
			);
			runOnlyForDeploymentPostprocessing = 0;
		};
/* End PBXResourcesBuildPhase section */

/* Begin PBXSourcesBuildPhase section */
		01E000000000000000000001 /* Sources */ = {
			isa = PBXSourcesBuildPhase;
			buildActionMask = 2147483647;
			files = (
				01A000000000000000000001 /* OneReadApp.swift in Sources */,
				01A000000000000000000005 /* SpeechService.swift in Sources */,
				01A000000000000000000007 /* DesignSystem.swift in Sources */,
				01A000000000000000000008 /* RootView.swift in Sources */,
				01A000000000000000000012 /* Article.swift in Sources */,
				01A000000000000000000013 /* SampleArticles.swift in Sources */,
				1C9C02B92FE415AC00DA8FEE /* FeedConfiguration.swift in Sources */,
				01A000000000000000000014 /* ArticleStore.swift in Sources */,
				01A000000000000000000030 /* FeedChannels.swift in Sources */,
				01A000000000000000000031 /* FeedSupport.swift in Sources */,
				01A000000000000000000040 /* FeedService.swift in Sources */,
				01A000000000000000000032 /* ArticleRSSParser.swift in Sources */,
				01A000000000000000000033 /* StringHTML.swift in Sources */,
				01A000000000000000000015 /* ArticleViews.swift in Sources */,
				1C9C02BB2FE4161100DA8FEE /* StoreServices.swift in Sources */,
				01A000000000000000000034 /* ProfileViews.swift in Sources */,
				01A000000000000000000035 /* ArticleReadingViews.swift in Sources */,
				01A000000000000000000036 /* ArticleComponents.swift in Sources */,
				01A000000000000000000018 /* ArticleDatabase.swift in Sources */,
				01A000000000000000000020 /* NativeDictionaryService.swift in Sources */,
				01A000000000000000000023 /* ArticleLevelService.swift in Sources */,
				01A000000000000000000037 /* NotificationService.swift in Sources */,
				01A000000000000000000038 /* ArticleCurationService.swift in Sources */,
				01A000000000000000000039 /* DailyContentService.swift in Sources */,
				01A000000000000000000025 /* DomainGlossary.swift in Sources */,
				01A000000000000000000026 /* WordEnrichmentService.swift in Sources */,
			);
			runOnlyForDeploymentPostprocessing = 0;
		};
/* End PBXSourcesBuildPhase section */

/* Begin XCBuildConfiguration section */
		01F000000000000000000001 /* Debug */ = {
			isa = XCBuildConfiguration;
			buildSettings = {
				ALWAYS_SEARCH_USER_PATHS = NO;
				CLANG_ANALYZER_NONNULL = YES;
				CLANG_ANALYZER_NUMBER_OBJECT_CONVERSION = YES_AGGRESSIVE;
				CLANG_CXX_LANGUAGE_STANDARD = "gnu++20";
				CLANG_ENABLE_MODULES = YES;
				CLANG_ENABLE_OBJC_ARC = YES;
				CLANG_ENABLE_OBJC_WEAK = YES;
				CLANG_WARN_BLOCK_CAPTURE_AUTORELEASING = YES;
				CLANG_WARN_BOOL_CONVERSION = YES;
				CLANG_WARN_COMMA = YES;
				CLANG_WARN_CONSTANT_CONVERSION = YES;
				CLANG_WARN_DEPRECATED_OBJC_IMPLEMENTATIONS = YES;
				CLANG_WARN_DIRECT_OBJC_ISA_USAGE = YES_ERROR;
				CLANG_WARN_DOCUMENTATION_COMMENTS = YES;
				CLANG_WARN_EMPTY_BODY = YES;
				CLANG_WARN_ENUM_CONVERSION = YES;
				CLANG_WARN_INFINITE_RECURSION = YES;
				CLANG_WARN_INT_CONVERSION = YES;
				CLANG_WARN_NON_LITERAL_NULL_CONVERSION = YES;
				CLANG_WARN_OBJC_IMPLICIT_RETAIN_SELF = YES;
				CLANG_WARN_OBJC_LITERAL_CONVERSION = YES;
				CLANG_WARN_OBJC_ROOT_CLASS = YES_ERROR;
				CLANG_WARN_QUOTED_INCLUDE_IN_FRAMEWORK_HEADER = YES;
				CLANG_WARN_RANGE_LOOP_ANALYSIS = YES;
				CLANG_WARN_STRICT_PROTOTYPES = YES;
				CLANG_WARN_SUSPICIOUS_MOVE = YES;
				CLANG_WARN_UNGUARDED_AVAILABILITY = YES_AGGRESSIVE;
				CLANG_WARN_UNREACHABLE_CODE = YES;
				CLANG_WARN__DUPLICATE_METHOD_MATCH = YES;
				COPY_PHASE_STRIP = NO;
				DEBUG_INFORMATION_FORMAT = dwarf;
				ENABLE_STRICT_OBJC_MSGSEND = YES;
				ENABLE_TESTABILITY = YES;
				ENABLE_USER_SCRIPT_SANDBOXING = YES;
				GCC_C_LANGUAGE_STANDARD = gnu17;
				GCC_DYNAMIC_NO_PIC = NO;
				GCC_NO_COMMON_BLOCKS = YES;
				GCC_OPTIMIZATION_LEVEL = 0;
				GCC_PREPROCESSOR_DEFINITIONS = (
					"DEBUG=1",
					"$(inherited)",
				);
				GCC_WARN_64_TO_32_BIT_CONVERSION = YES;
				GCC_WARN_ABOUT_RETURN_TYPE = YES_ERROR;
				GCC_WARN_UNDECLARED_SELECTOR = YES;
				GCC_WARN_UNINITIALIZED_AUTOS = YES_AGGRESSIVE;
				GCC_WARN_UNUSED_FUNCTION = YES;
				GCC_WARN_UNUSED_VARIABLE = YES;
				IPHONEOS_DEPLOYMENT_TARGET = 17.0;
				MTL_ENABLE_DEBUG_INFO = INCLUDE_SOURCE;
				MTL_FAST_MATH = YES;
				ONLY_ACTIVE_ARCH = YES;
				SDKROOT = iphoneos;
				SWIFT_ACTIVE_COMPILATION_CONDITIONS = "DEBUG $(inherited)";
				SWIFT_EMIT_LOC_STRINGS = YES;
			};
			name = Debug;
		};
		01F000000000000000000003 /* Release */ = {
			isa = XCBuildConfiguration;
			buildSettings = {
				ALWAYS_SEARCH_USER_PATHS = NO;
				CLANG_ANALYZER_NONNULL = YES;
				CLANG_ANALYZER_NUMBER_OBJECT_CONVERSION = YES_AGGRESSIVE;
				CLANG_CXX_LANGUAGE_STANDARD = "gnu++20";
				CLANG_ENABLE_MODULES = YES;
				CLANG_ENABLE_OBJC_ARC = YES;
				CLANG_ENABLE_OBJC_WEAK = YES;
				CLANG_WARN_BLOCK_CAPTURE_AUTORELEASING = YES;
				CLANG_WARN_BOOL_CONVERSION = YES;
				CLANG_WARN_COMMA = YES;
				CLANG_WARN_CONSTANT_CONVERSION = YES;
				CLANG_WARN_DEPRECATED_OBJC_IMPLEMENTATIONS = YES;
				CLANG_WARN_DIRECT_OBJC_ISA_USAGE = YES_ERROR;
				CLANG_WARN_DOCUMENTATION_COMMENTS = YES;
				CLANG_WARN_EMPTY_BODY = YES;
				CLANG_WARN_ENUM_CONVERSION = YES;
				CLANG_WARN_INFINITE_RECURSION = YES;
				CLANG_WARN_INT_CONVERSION = YES;
				CLANG_WARN_NON_LITERAL_NULL_CONVERSION = YES;
				CLANG_WARN_OBJC_IMPLICIT_RETAIN_SELF = YES;
				CLANG_WARN_OBJC_LITERAL_CONVERSION = YES;
				CLANG_WARN_OBJC_ROOT_CLASS = YES_ERROR;
				CLANG_WARN_QUOTED_INCLUDE_IN_FRAMEWORK_HEADER = YES;
				CLANG_WARN_RANGE_LOOP_ANALYSIS = YES;
				CLANG_WARN_STRICT_PROTOTYPES = YES;
				CLANG_WARN_SUSPICIOUS_MOVE = YES;
				CLANG_WARN_UNGUARDED_AVAILABILITY = YES_AGGRESSIVE;
				CLANG_WARN_UNREACHABLE_CODE = YES;
				CLANG_WARN__DUPLICATE_METHOD_MATCH = YES;
				COPY_PHASE_STRIP = NO;
				DEBUG_INFORMATION_FORMAT = "dwarf-with-dsym";
				ENABLE_NS_ASSERTIONS = NO;
				ENABLE_STRICT_OBJC_MSGSEND = YES;
				ENABLE_USER_SCRIPT_SANDBOXING = YES;
				GCC_C_LANGUAGE_STANDARD = gnu17;
				GCC_NO_COMMON_BLOCKS = YES;
				GCC_WARN_64_TO_32_BIT_CONVERSION = YES;
				GCC_WARN_ABOUT_RETURN_TYPE = YES_ERROR;
				GCC_WARN_UNDECLARED_SELECTOR = YES;
				GCC_WARN_UNINITIALIZED_AUTOS = YES_AGGRESSIVE;
				GCC_WARN_UNUSED_FUNCTION = YES;
				GCC_WARN_UNUSED_VARIABLE = YES;
				IPHONEOS_DEPLOYMENT_TARGET = 17.0;
				MTL_ENABLE_DEBUG_INFO = NO;
				MTL_FAST_MATH = YES;
				SDKROOT = iphoneos;
				SWIFT_COMPILATION_MODE = wholemodule;
				SWIFT_EMIT_LOC_STRINGS = YES;
				VALIDATE_PRODUCT = YES;
			};
			name = Release;
		};
		01F000000000000000000004 /* Debug */ = {
			isa = XCBuildConfiguration;
			buildSettings = {
				ASSETCATALOG_COMPILER_APPICON_NAME = AppIcon;
				CODE_SIGN_STYLE = Automatic;
				CURRENT_PROJECT_VERSION = 2;
				DEVELOPMENT_TEAM = N8XUPHU59N;
				ENABLE_PREVIEWS = YES;
				GENERATE_INFOPLIST_FILE = YES;
				INFOPLIST_KEY_CFBundleDisplayName = OneRead;
				INFOPLIST_KEY_LSApplicationCategoryType = "public.app-category.education";
				INFOPLIST_KEY_UIApplicationSupportsIndirectInputEvents = YES;
				INFOPLIST_KEY_UILaunchScreen_Generation = YES;
				INFOPLIST_KEY_UISupportedInterfaceOrientations = "UIInterfaceOrientationPortrait UIInterfaceOrientationLandscapeLeft UIInterfaceOrientationLandscapeRight";
				INFOPLIST_KEY_UISupportedInterfaceOrientations_iPhone = UIInterfaceOrientationPortrait;
				IPHONEOS_DEPLOYMENT_TARGET = 26.0;
				MARKETING_VERSION = 1.0.0;
				PRODUCT_BUNDLE_IDENTIFIER = com.zdw.oneread;
				PRODUCT_NAME = "$(TARGET_NAME)";
				SUPPORTED_PLATFORMS = "iphoneos iphonesimulator";
				SUPPORTS_MACCATALYST = NO;
				SUPPORTS_MAC_DESIGNED_FOR_IPHONE_IPAD = NO;
				SWIFT_VERSION = 5.0;
				TARGETED_DEVICE_FAMILY = 1;
			};
			name = Debug;
		};
		01F000000000000000000005 /* Release */ = {
			isa = XCBuildConfiguration;
			buildSettings = {
				ASSETCATALOG_COMPILER_APPICON_NAME = AppIcon;
				CODE_SIGN_STYLE = Automatic;
				CURRENT_PROJECT_VERSION = 2;
				DEVELOPMENT_TEAM = N8XUPHU59N;
				ENABLE_PREVIEWS = YES;
				GENERATE_INFOPLIST_FILE = YES;
				INFOPLIST_KEY_CFBundleDisplayName = OneRead;
				INFOPLIST_KEY_LSApplicationCategoryType = "public.app-category.education";
				INFOPLIST_KEY_UIApplicationSupportsIndirectInputEvents = YES;
				INFOPLIST_KEY_UILaunchScreen_Generation = YES;
				INFOPLIST_KEY_UISupportedInterfaceOrientations = "UIInterfaceOrientationPortrait UIInterfaceOrientationLandscapeLeft UIInterfaceOrientationLandscapeRight";
				INFOPLIST_KEY_UISupportedInterfaceOrientations_iPhone = UIInterfaceOrientationPortrait;
				IPHONEOS_DEPLOYMENT_TARGET = 26.0;
				MARKETING_VERSION = 1.0.0;
				PRODUCT_BUNDLE_IDENTIFIER = com.zdw.oneread;
				PRODUCT_NAME = "$(TARGET_NAME)";
				SUPPORTED_PLATFORMS = "iphoneos iphonesimulator";
				SUPPORTS_MACCATALYST = NO;
				SUPPORTS_MAC_DESIGNED_FOR_IPHONE_IPAD = NO;
				SWIFT_VERSION = 5.0;
				TARGETED_DEVICE_FAMILY = 1;
			};
			name = Release;
		};
/* End XCBuildConfiguration section */

/* Begin XCConfigurationList section */
		01F000000000000000000000 /* Build configuration list for PBXProject "OneRead" */ = {
			isa = XCConfigurationList;
			buildConfigurations = (
				01F000000000000000000001 /* Debug */,
				01F000000000000000000003 /* Release */,
			);
			defaultConfigurationIsVisible = 0;
			defaultConfigurationName = Release;
		};
		01F000000000000000000002 /* Build configuration list for PBXNativeTarget "OneRead" */ = {
			isa = XCConfigurationList;
			buildConfigurations = (
				01F000000000000000000004 /* Debug */,
				01F000000000000000000005 /* Release */,
			);
			defaultConfigurationIsVisible = 0;
			defaultConfigurationName = Release;
		};
/* End XCConfigurationList section */
	};
	rootObject = 01D000000000000000000001 /* Project object */;
}
